{
  "name": "oxc-extraction-spike",
  "version": "0.0.0",
  "lockfileVersion": 3,
  "requires": true,
  "packages": {
    "": {
      "name": "oxc-extraction-spike",
      "version": "0.0.0",
      "license": "MIT",
      "dependencies": {
        "oxc-parser": "0.140.0"
      }
    },
    "node_modules/@emnapi/core": {
      "version": "1.11.2",
      "resolved": "https://registry.npmjs.org/@emnapi/core/-/core-1.11.2.tgz",
      "integrity": "sha512-TC8MkTuZUtcTSiFeuC0ksCh9QIJ5+F21MvZ4Wn4ORfYaFJ/0dsiudv5tVkejgwZlwQ39jL9WWDe2lz8x0WglOA==",
      "license": "MIT",
      "optional": true,
      "dependencies": {
        "@emnapi/wasi-threads": "1.2.2",
        "tslib": "^2.4.0"
      }
    },
    "node_modules/@emnapi/runtime": {
      "version": "1.11.2",
      "resolved": "https://registry.npmjs.org/@emnapi/runtime/-/runtime-1.11.2.tgz",
      "integrity": "sha512-kyOl3X0DuTiT1h2ft8r2fYO8JYtU9a9Xis/zBSiGArNaagCOWx90N1k2wxp18czFDH+OgcWGb5ZP/XMt3dcyPA==",
      "license": "MIT",
      "optional": true,
      "dependencies": {
        "tslib": "^2.4.0"
      }
    },
    "node_modules/@emnapi/wasi-threads": {
      "version": "1.2.2",
      "resolved": "https://registry.npmjs.org/@emnapi/wasi-threads/-/wasi-threads-1.2.2.tgz",
      "integrity": "sha512-c95qOXkHdydNKhscBTebqEC1CVAZpyqOfVfBzQ1qgzyl3gfeldUjIggDbIZgDKsHLgnsM+igH7TJ/eAasaVuMA==",
      "license": "MIT",
      "optional": true,
      "dependencies": {
        "tslib": "^2.4.0"
      }
    },
    "node_modules/@napi-rs/wasm-runtime": {
      "version": "1.1.6",
      "resolved": "https://registry.npmjs.org/@napi-rs/wasm-runtime/-/wasm-runtime-1.1.6.tgz",
      "integrity": "sha512-ZLv/JdUfkvOy9eCnnBaGfiO+XimbjebAeO+MRQqD/B+FR1tnRN0tpKSJHRbE8sFfS6aqsXZ67TQjfwfsxULVbg==",
      "license": "MIT",
      "optional": true,
      "dependencies": {
        "@tybys/wasm-util": "^0.10.3"
      },
      "funding": {
        "type": "github",
        "url": "https://github.com/sponsors/Brooooooklyn"
      },
      "peerDependencies": {
        "@emnapi/core": "^1.7.1",
        "@emnapi/runtime": "^1.7.1"
      }
    },
    "node_modules/@oxc-parser/binding-android-arm-eabi": {
      "version": "0.140.0",
      "resolved": "https://registry.npmjs.org/@oxc-parser/binding-android-arm-eabi/-/binding-android-arm-eabi-0.140.0.tgz",
      "integrity": "sha512-ZfjDZ422mo7eo3b3VltqNsV9kmv1qt/sPEAMSl64iOSwhVfd0eIZ9LB79Mbs1xYXJnk7WSROwzBCKDIiVxPTvQ==",
      "cpu": [
        "arm"
      ],
      "license": "MIT",
      "optional": true,
      "os": [
        "android"
      ],
      "engines": {
        "node": "^20.19.0 || >=22.12.0"
      }
    },
    "node_modules/@oxc-parser/binding-android-arm64": {
      "version": "0.140.0",
      "resolved": "https://registry.npmjs.org/@oxc-parser/binding-android-arm64/-/binding-android-arm64-0.140.0.tgz",
      "integrity": "sha512-Ia8jSvikUX6Sf+Ht+KOCUF/k1HpR0VlmqIYymubmWDebOEGtsyliHDR6JxsZ4IX3/c/GbrB1uh09aVGQv/LQmQ==",
      "cpu": [
        "arm64"
      ],
      "license": "MIT",
      "optional": true,
      "os": [
        "android"
      ],
      "engines": {
        "node": "^20.19.0 || >=22.12.0"
      }
    },
    "node_modules/@oxc-parser/binding-darwin-arm64": {
      "version": "0.140.0",
      "resolved": "https://registry.npmjs.org/@oxc-parser/binding-darwin-arm64/-/binding-darwin-arm64-0.140.0.tgz",
      "integrity": "sha512-G6VK0nK61pH0d0mBjUqSZbVxGqqO5uzeginLDQj+gOO6ObfJjXRwgkD/ol0w1INcnFeAb6YGGO7qc3ueGHaycQ==",
      "cpu": [
        "arm64"
      ],
      "license": "MIT",
      "optional": true,
      "os": [
        "darwin"
      ],
      "engines": {
        "node": "^20.19.0 || >=22.12.0"
      }
    },
    "node_modules/@oxc-parser/binding-darwin-x64": {
      "version": "0.140.0",
      "resolved": "https://registry.npmjs.org/@oxc-parser/binding-darwin-x64/-/binding-darwin-x64-0.140.0.tgz",
      "integrity": "sha512-HazBOuZzd2pO1C2uMmp8Gv7mhzMHqKSKDS1OZfcLEvpIcgA+48J92HEtNanVHDIzRD9PRPCV6aS6fkZIWOVl8Q==",
      "cpu": [
        "x64"
      ],
      "license": "MIT",
      "optional": true,
      "os": [
        "darwin"
      ],
      "engines": {
        "node": "^20.19.0 || >=22.12.0"
      }
    },
    "node_modules/@oxc-parser/binding-freebsd-x64": {
      "version": "0.140.0",
      "resolved": "https://registry.npmjs.org/@oxc-parser/binding-freebsd-x64/-/binding-freebsd-x64-0.140.0.tgz",
      "integrity": "sha512-9hSUU+HmTUyOe4JzMHxNGgLWNY7rrO+6ShicZwImNJacEAACDMIkuEQQkvXSL+WJN50jaNtLYJv8s4OcBdpyUQ==",
      "cpu": [
        "x64"
      ],
      "license": "MIT",
      "optional": true,
      "os": [
        "freebsd"
      ],
      "engines": {
        "node": "^20.19.0 || >=22.12.0"
      }
    },
    "node_modules/@oxc-parser/binding-linux-arm-gnueabihf": {
      "version": "0.140.0",
      "resolved": "https://registry.npmjs.org/@oxc-parser/binding-linux-arm-gnueabihf/-/binding-linux-arm-gnueabihf-0.140.0.tgz",
      "integrity": "sha512-RAEuQsYtS0KcDFqN0ABTjyyNlokS91JeuDuoW9tEbG0JTbRNXnpQUdbYc/16JoA6Z/2ALbNrE3KmxtqDiuIjCQ==",
      "cpu": [
        "arm"
      ],
      "license": "MIT",
      "optional": true,
      "os": [
        "linux"
      ],
      "engines": {
        "node": "^20.19.0 || >=22.12.0"
      }
    },
    "node_modules/@oxc-parser/binding-linux-arm-musleabihf": {
      "version": "0.140.0",
      "resolved": "https://registry.npmjs.org/@oxc-parser/binding-linux-arm-musleabihf/-/binding-linux-arm-musleabihf-0.140.0.tgz",
      "integrity": "sha512-c4CkHvPvqfojouredJ0w3e6+jiBq0SbFyhH61kr/zPb/7XsaYTNKQ54vmlSsopfdQbNDX40ZeK9Abs2Qet6wcw==",
      "cpu": [
        "arm"
      ],
      "license": "MIT",
      "optional": true,
      "os": [
        "linux"
      ],
      "engines": {
        "node": "^20.19.0 || >=22.12.0"
      }
    },
    "node_modules/@oxc-parser/binding-linux-arm64-gnu": {
      "version": "0.140.0",
      "resolved": "https://registry.npmjs.org/@oxc-parser/binding-linux-arm64-gnu/-/binding-linux-arm64-gnu-0.140.0.tgz",
      "integrity": "sha512-yrjmLj8ixPB25yqvPGr28meGjb+keed7m1GqqY/0uqkhZIoT4t9zmfwUgFEtC33C7dtE+UQ7TU0IaVxf97SWJg==",
      "cpu": [
        "arm64"
      ],
      "license": "MIT",
      "optional": true,
      "os": [
        "linux"
      ],
      "engines": {
        "node": "^20.19.0 || >=22.12.0"
      }
    },
    "node_modules/@oxc-parser/binding-linux-arm64-musl": {
      "version": "0.140.0",
      "resolved": "https://registry.npmjs.org/@oxc-parser/binding-linux-arm64-musl/-/binding-linux-arm64-musl-0.140.0.tgz",
      "integrity": "sha512-ggGMQTN8Agwxp2WiLMpdY671dt0qTDJWiWlJeig3HnUwTnerRl0J2JdGVghWBeDcss2D9S2V2Js6dZHEiVabVA==",
      "cpu": [
        "arm64"
      ],
      "license": "MIT",
      "optional": true,
      "os": [
        "linux"
      ],
      "engines": {
        "node": "^20.19.0 || >=22.12.0"
      }
    },
    "node_modules/@oxc-parser/binding-linux-ppc64-gnu": {
      "version": "0.140.0",
      "resolved": "https://registry.npmjs.org/@oxc-parser/binding-linux-ppc64-gnu/-/binding-linux-ppc64-gnu-0.140.0.tgz",
      "integrity": "sha512-IgTs8xYAFgAUGNmR65tIqjlJ8vKgrfXzC515e9goSdfMyKQV4aJpd2pUUudU4u51G64H0/DSEJEXKOraxm9ZCA==",
      "cpu": [
        "ppc64"
      ],
      "license": "MIT",
      "optional": true,
      "os": [
        "linux"
      ],
      "engines": {
        "node": "^20.19.0 || >=22.12.0"
      }
    },
    "node_modules/@oxc-parser/binding-linux-riscv64-gnu": {
      "version": "0.140.0",
      "resolved": "https://registry.npmjs.org/@oxc-parser/binding-linux-riscv64-gnu/-/binding-linux-riscv64-gnu-0.140.0.tgz",
      "integrity": "sha512-A1x+PMWZmSGaFVOx2YeNTFau8uD+QO14/vLP4GrcuvUPs3+nBkUOjy9Lus86ftHsDojjYMbvBelmKc3F7Rv08g==",
      "cpu": [
        "riscv64"
      ],
      "license": "MIT",
      "optional": true,
      "os": [
        "linux"
      ],
      "engines": {
        "node": "^20.19.0 || >=22.12.0"
      }
    },
    "node_modules/@oxc-parser/binding-linux-riscv64-musl": {
      "version": "0.140.0",
      "resolved": "https://registry.npmjs.org/@oxc-parser/binding-linux-riscv64-musl/-/binding-linux-riscv64-musl-0.140.0.tgz",
      "integrity": "sha512-zBqpfRo2myWPrPo5xUjeZqlnPXPXsX8BcWtWff66/eGRQdbPjhzPgXa/F+AtxT2afUViPxbuDlwscMKzQ5tg+g==",
      "cpu": [
        "riscv64"
      ],
      "license": "MIT",
      "optional": true,
      "os": [
        "linux"
      ],
      "engines": {
        "node": "^20.19.0 || >=22.12.0"
      }
    },
    "node_modules/@oxc-parser/binding-linux-s390x-gnu": {
      "version": "0.140.0",
      "resolved": "https://registry.npmjs.org/@oxc-parser/binding-linux-s390x-gnu/-/binding-linux-s390x-gnu-0.140.0.tgz",
      "integrity": "sha512-2M1DPm/8w9I//YzFlFC9qXw+r2tJFh5CYwRlYTq2vUJQS7qoQftEDeCZ8EnN7KHtvSiXvYj8mZI5pR7DpXmcEw==",
      "cpu": [
        "s390x"
      ],
      "license": "MIT",
      "optional": true,
      "os": [
        "linux"
      ],
      "engines": {
        "node": "^20.19.0 || >=22.12.0"
      }
    },
    "node_modules/@oxc-parser/binding-linux-x64-gnu": {
      "version": "0.140.0",
      "resolved": "https://registry.npmjs.org/@oxc-parser/binding-linux-x64-gnu/-/binding-linux-x64-gnu-0.140.0.tgz",
      "integrity": "sha512-8aRDbZ/U/jO8N7go1MO72jtbpb4uswV8d7vOkMvt/BPgZiyEYvl1VIWK4ESxZZhnJ4tqwVldgX7dNiP/eB1Jdg==",
      "cpu": [
        "x64"
      ],
      "license": "MIT",
      "optional": true,
      "os": [
        "linux"
      ],
      "engines": {
        "node": "^20.19.0 || >=22.12.0"
      }
    },
    "node_modules/@oxc-parser/binding-linux-x64-musl": {
      "version": "0.140.0",
      "resolved": "https://registry.npmjs.org/@oxc-parser/binding-linux-x64-musl/-/binding-linux-x64-musl-0.140.0.tgz",
      "integrity": "sha512-xRqpeI8U2sQQS1W5BMWRyMTxtagkuLG2dEWruet5lFsWHTvBth11/TpSaJatHdqVVwHN0q3uuoS9zRsGinq8hg==",
      "cpu": [
        "x64"
      ],
      "license": "MIT",
      "optional": true,
      "os": [
        "linux"
      ],
      "engines": {
        "node": "^20.19.0 || >=22.12.0"
      }
    },
    "node_modules/@oxc-parser/binding-openharmony-arm64": {
      "version": "0.140.0",
      "resolved": "https://registry.npmjs.org/@oxc-parser/binding-openharmony-arm64/-/binding-openharmony-arm64-0.140.0.tgz",
      "integrity": "sha512-GbGRe26MqAKciFRvXeHNQJ6VAHYs9R4miP89sEAncysM3n+f4lnyLWgsa9kklJNpfnxdq2yRoNYHFqwBckVimw==",
      "cpu": [
        "arm64"
      ],
      "license": "MIT",
      "optional": true,
      "os": [
        "openharmony"
      ],
      "engines": {
        "node": "^20.19.0 || >=22.12.0"
      }
    },
    "node_modules/@oxc-parser/binding-wasm32-wasi": {
      "version": "0.140.0",
      "resolved": "https://registry.npmjs.org/@oxc-parser/binding-wasm32-wasi/-/binding-wasm32-wasi-0.140.0.tgz",
      "integrity": "sha512-vFiC1hqys+hkX1GnQkIoiTQJNiUm43Z0lO35ETKXTw0YtpW7+cN58YRRXFAQQ+TgpkIi3lrhcxdlnqz+Oi3ptQ==",
      "cpu": [
        "wasm32"
      ],
      "license": "MIT",
      "optional": true,
      "dependencies": {
        "@emnapi/core": "1.11.2",
        "@emnapi/runtime": "1.11.2",
        "@napi-rs/wasm-runtime": "^1.1.6"
      },
      "engines": {
        "node": "^20.19.0 || >=22.12.0"
      }
    },
    "node_modules/@oxc-parser/binding-win32-arm64-msvc": {
      "version": "0.140.0",
      "resolved": "https://registry.npmjs.org/@oxc-parser/binding-win32-arm64-msvc/-/binding-win32-arm64-msvc-0.140.0.tgz",
      "integrity": "sha512-fGSQldwEYKhM+H8uLt76Op8hh5+FYaR6lvvQ1Txw3Mhn86DyQXLcI0fi1EkFlTK7F+46OCk/j0AJMzZQm6g5Xg==",
      "cpu": [
        "arm64"
      ],
      "license": "MIT",
      "optional": true,
      "os": [
        "win32"
      ],
      "engines": {
        "node": "^20.19.0 || >=22.12.0"
      }
    },
    "node_modules/@oxc-parser/binding-win32-ia32-msvc": {
      "version": "0.140.0",
      "resolved": "https://registry.npmjs.org/@oxc-parser/binding-win32-ia32-msvc/-/binding-win32-ia32-msvc-0.140.0.tgz",
      "integrity": "sha512-sDS2Bai+g3ZWYwfZqmosiSuFDBcVnZ3Ta6pszzsiJoLMqsJEWKcxXXbGa7b7yXr++W2lQNPb3ZRJ8czseqL7RA==",
      "cpu": [
        "ia32"
      ],
      "license": "MIT",
      "optional": true,
      "os": [
        "win32"
      ],
      "engines": {
        "node": "^20.19.0 || >=22.12.0"
      }
    },
    "node_modules/@oxc-parser/binding-win32-x64-msvc": {
      "version": "0.140.0",
      "resolved": "https://registry.npmjs.org/@oxc-parser/binding-win32-x64-msvc/-/binding-win32-x64-msvc-0.140.0.tgz",
      "integrity": "sha512-kHbE1zWyb5OQgJA6/5P4WjiuB01sYdQwtZnSSyE58FQEXDAMnyeeq4vj7KgN75i5SlBzOs8A5MrtlD3gOlDKqQ==",
      "cpu": [
        "x64"
      ],
      "license": "MIT",
      "optional": true,
      "os": [
        "win32"
      ],
      "engines": {
        "node": "^20.19.0 || >=22.12.0"
      }
    },
    "node_modules/@oxc-project/types": {
      "version": "0.140.0",
      "resolved": "https://registry.npmjs.org/@oxc-project/types/-/types-0.140.0.tgz",
      "integrity": "sha512-h5LUOzGArYemnW1NMz/DuuQhBi96J6JL2Bk8zE4kvqxB5Sg3jxmCiH4uyOWHDkiKSt5vWlG4FIwCR/DbstcNRQ==",
      "license": "MIT",
      "funding": {
        "url": "https://github.com/sponsors/Boshen"
      }
    },
    "node_modules/@tybys/wasm-util": {
      "version": "0.10.3",
      "resolved": "https://registry.npmjs.org/@tybys/wasm-util/-/wasm-util-0.10.3.tgz",
      "integrity": "sha512-F3fo1MYrRJYL3zER0OUOmkutjr1Vp23m7OsSgp7nq4SP6OqX6C/56XFIPAl5bt3zaBRjmW7SGz3u/6LwFpYcOg==",
      "license": "MIT",
      "optional": true,
      "dependencies": {
        "tslib": "^2.4.0"
      }
    },
    "node_modules/oxc-parser": {
      "version": "0.140.0",
      "resolved": "https://registry.npmjs.org/oxc-parser/-/oxc-parser-0.140.0.tgz",
      "integrity": "sha512-h6QFWd6lBMfjESqgQ27GjzrSDb0qbznp7VDQqp2zvgsrWut4vcchyMIzOVXvGQ2GMZgKw9RWrFNWv9WqGL0p7Q==",
      "license": "MIT",
      "dependencies": {
        "@oxc-project/types": "^0.140.0"
      },
      "engines": {
        "node": "^20.19.0 || >=22.12.0"
      },
      "funding": {
        "url": "https://github.com/sponsors/Boshen"
      },
      "optionalDependencies": {
        "@oxc-parser/binding-android-arm-eabi": "0.140.0",
        "@oxc-parser/binding-android-arm64": "0.140.0",
        "@oxc-parser/binding-darwin-arm64": "0.140.0",
        "@oxc-parser/binding-darwin-x64": "0.140.0",
        "@oxc-parser/binding-freebsd-x64": "0.140.0",
        "@oxc-parser/binding-linux-arm-gnueabihf": "0.140.0",
        "@oxc-parser/binding-linux-arm-musleabihf": "0.140.0",
        "@oxc-parser/binding-linux-arm64-gnu": "0.140.0",
        "@oxc-parser/binding-linux-arm64-musl": "0.140.0",
        "@oxc-parser/binding-linux-ppc64-gnu": "0.140.0",
        "@oxc-parser/binding-linux-riscv64-gnu": "0.140.0",
        "@oxc-parser/binding-linux-riscv64-musl": "0.140.0",
        "@oxc-parser/binding-linux-s390x-gnu": "0.140.0",
        "@oxc-parser/binding-linux-x64-gnu": "0.140.0",
        "@oxc-parser/binding-linux-x64-musl": "0.140.0",
        "@oxc-parser/binding-openharmony-arm64": "0.140.0",
        "@oxc-parser/binding-wasm32-wasi": "0.140.0",
        "@oxc-parser/binding-win32-arm64-msvc": "0.140.0",
        "@oxc-parser/binding-win32-ia32-msvc": "0.140.0",
        "@oxc-parser/binding-win32-x64-msvc": "0.140.0"
      }
    },
    "node_modules/tslib": {
      "version": "2.8.1",
      "resolved": "https://registry.npmjs.org/tslib/-/tslib-2.8.1.tgz",
      "integrity": "sha512-oJFu94HQb+KVduSUQL7wnpmqnfmLsOA/nAh6b6EH0wCEoK0/mPeXU6c3wKDV83MkOuHPRHtSXKKU99IBazS/2w==",
      "license": "0BSD",
      "optional": true
    }
  }
}
